{
  "name": "scheduled-house-bot",
  "version": "1.0.0",
  "lockfileVersion": 1,
  "requires": true,
  "dependencies": {
    "datetime-difference": {
      "version": "1.0.0",
      "resolved": "http://bvrprdnex001.iggroup.local:8081/nexus/content/groups/npm-all/datetime-difference/-/datetime-difference-1.0.0.tgz",
      "integrity": "sha512-JpnVl1MEb+Va0Wwcl/yWm6cDiCY+1GDIi1JvIWJZXMYsOF06O7Bzxyq7KJZvrFQYM6a0lKL2yzMNeXtJYGXBPw=="
    },
    "node-fetch": {
      "version": "2.2.0",
      "resolved": "http://bvrprdnex001.iggroup.local:8081/nexus/content/groups/npm-all/node-fetch/-/node-fetch-2.2.0.tgz",
      "integrity": "sha512-OayFWziIxiHY8bCUyLX6sTpDH8Jsbp4FfYd1j1f7vZyfgkcOnAyM4oQR16f8a0s7Gl/viMGRey8eScYk4V4EZA=="
    }
  }
}
